PODS:
  - AFNetworking (2.5.4):
    - AFNetworking/NSURLConnection (= 2.5.4)
    - AFNetworking/NSURLSession (= 2.5.4)
    - AFNetworking/Reachability (= 2.5.4)
    - AFNetworking/Security (= 2.5.4)
    - AFNetworking/Serialization (= 2.5.4)
    - AFNetworking/UIKit (= 2.5.4)
  - AFNetworking/NSURLConnection (2.5.4):
    - AFNetworking/Reachability
    - AFNetworking/Security
    - AFNetworking/Serialization
  - AFNetworking/NSURLSession (2.5.4):
    - AFNetworking/Reachability
    - AFNetworking/Security
    - AFNetworking/Serialization
  - AFNetworking/Reachability (2.5.4)
  - AFNetworking/Security (2.5.4)
  - AFNetworking/Serialization (2.5.4)
  - AFNetworking/UIKit (2.5.4):
    - AFNetworking/NSURLConnection
    - AFNetworking/NSURLSession
  - Answers (1.3.3):
    - Fabric (~> 1.6.3)
  - BDBSpinKitRefreshControl (1.0.3):
    - SpinKit (~> 1.0)
  - DTAlertView (1.2.1)
  - Fabric (1.6.11)
  - GDataXML-HTML (1.1.0)
  - iOS-KML-Framework (1.0.0):
    - TBXML (~> 1.5)
  - Mantle (1.5.4):
    - Mantle/extobjc (= 1.5.4)
  - Mantle/extobjc (1.5.4)
  - NSObject-NSCoding (1.0)
  - REFrostedViewController (2.4.7)
  - SpinKit (1.2.0)
  - SVProgressHUD (1.1.2)
  - TBXML (1.5)
  - TMCache (1.2.3)

DEPENDENCIES:
  - AFNetworking (~> 2.5.0)
  - Answers (~> 1.3.3)
  - BDBSpinKitRefreshControl (~> 1.0.0)
  - DTAlertView (~> 1.2.1)
  - Fabric (~> 1.6.11)
  - GDataXML-HTML (~> 1.1.0)
  - iOS-KML-Framework (from `https://github.com/FLCLjp/iOS-KML-Framework.git`)
  - Mantle (~> 1.4)
  - NSObject-NSCoding (~> 1.0)
  - REFrostedViewController (~> 2.4.5)
  - SVProgressHUD (~> 1.0)
  - TMCache (~> 1.2)

EXTERNAL SOURCES:
  iOS-KML-Framework:
    :git: https://github.com/FLCLjp/iOS-KML-Framework.git

CHECKOUT OPTIONS:
  iOS-KML-Framework:
    :commit: dc38d7c2e80e0d4c077a63e7cce4c3b34ac25d08
    :git: https://github.com/FLCLjp/iOS-KML-Framework.git

SPEC CHECKSUMS:
  AFNetworking: 05edc0ac4c4c8cf57bcf4b84be5b0744b6d8e71e
  Answers: 3e2a5906e8d9565da4dd585e0db90b1b6b8a81d7
  BDBSpinKitRefreshControl: 1af0d79d47b159096dd10f1d2cea7eb0ccdd65ec
  DTAlertView: 496265df1f223c19c88cde9d8175ffe8d70732a0
  Fabric: 5911403591946b8228ab1c51d98f1d7137e863c6
  GDataXML-HTML: 944b1bf8ecb8ce0c5431731ab8298d0cd411b8c8
  iOS-KML-Framework: c16f4605bc290b769a13f2645840211e31f8d92a
  Mantle: 60acd0cd363e27d945bda0a6b8e90577112d28f3
  NSObject-NSCoding: d05f937cc1ea1560294be261ee41d5438ddc7b1b
  REFrostedViewController: 0adda479a71c0e603faa801282994bee23362504
  SpinKit: 65906a8b534a4e14cbfd3f8b0b6c329131faef4a
  SVProgressHUD: 3afb875b9eb23acd1bed9b82495695c68621a8b2
  TBXML: 9f9dadb239f2f2af1dadb87fe43a0ce6e479379a
  TMCache: 5f68bc38d741aa8df4c63131b847522783665d81

PODFILE CHECKSUM: 1d92d5568197c8d7aacbd509fc1184d36f87808f

COCOAPODS: 1.2.0
